<?xml version="1.0" encoding="utf-8"?>
<Project ToolsVersion="4.0" xmlns="http://schemas.microsoft.com/developer/msbuild/2003">
  <ItemGroup>
    <Filter Include="소스 파일">
      <UniqueIdentifier>{4FC737F1-C7A5-4376-A066-2A32D752A2FF}</UniqueIdentifier>
      <Extensions>cpp;c;cc;cxx;c++;cppm;ixx;def;odl;idl;hpj;bat;asm;asmx</Extensions>
    </Filter>
    <Filter Include="헤더 파일">
      <UniqueIdentifier>{93995380-89BD-4b04-88EB-625FBE52EBFB}</UniqueIdentifier>
      <Extensions>h;hh;hpp;hxx;h++;hm;inl;inc;ipp;xsd</Extensions>
    </Filter>
    <Filter Include="리소스 파일">
      <UniqueIdentifier>{67DA6AB6-F800-4c08-8B7A-83BB121AAD01}</UniqueIdentifier>
      <Extensions>rc;ico;cur;bmp;dlg;rc2;rct;bin;rgs;gif;jpg;jpeg;jpe;resx;tiff;tif;png;wav;mfcribbon-ms</Extensions>
    </Filter>
  </ItemGroup>
  <ItemGroup>
    <ClCompile Include="1_static_assert1.cpp">
      <Filter>소스 파일</Filter>
    </ClCompile>
    <ClCompile Include="1_static_assert2.cpp">
      <Filter>소스 파일</Filter>
    </ClCompile>
    <ClCompile Include="2_using1.cpp">
      <Filter>소스 파일</Filter>
    </ClCompile>
    <ClCompile Include="3_noexcept.cpp">
      <Filter>소스 파일</Filter>
    </ClCompile>
    <ClCompile Include="4_beginend.cpp">
      <Filter>소스 파일</Filter>
    </ClCompile>
    <ClCompile Include="5_range_for1.cpp">
      <Filter>소스 파일</Filter>
    </ClCompile>
    <ClCompile Include="5_range_for2.cpp">
      <Filter>소스 파일</Filter>
    </ClCompile>
    <ClCompile Include="5_range_for3.cpp">
      <Filter>소스 파일</Filter>
    </ClCompile>
    <ClCompile Include="6_위임생성자.cpp">
      <Filter>소스 파일</Filter>
    </ClCompile>
    <ClCompile Include="7_생성자상속1.cpp">
      <Filter>소스 파일</Filter>
    </ClCompile>
    <ClCompile Include="7_생성자상속2.cpp">
      <Filter>소스 파일</Filter>
    </ClCompile>
    <ClCompile Include="8_nullptr.cpp">
      <Filter>소스 파일</Filter>
    </ClCompile>
    <ClCompile Include="8_nullptr2.cpp">
      <Filter>소스 파일</Filter>
    </ClCompile>
    <ClCompile Include="8_nullptr3.cpp">
      <Filter>소스 파일</Filter>
    </ClCompile>
    <ClCompile Include="9_enum.cpp">
      <Filter>소스 파일</Filter>
    </ClCompile>
    <ClCompile Include="9_enum2.cpp">
      <Filter>소스 파일</Filter>
    </ClCompile>
    <ClCompile Include="9_enum3.cpp">
      <Filter>소스 파일</Filter>
    </ClCompile>
    <ClCompile Include="10_user_define_literal1.cpp">
      <Filter>소스 파일</Filter>
    </ClCompile>
    <ClCompile Include="10_user_define_literal2.cpp">
      <Filter>소스 파일</Filter>
    </ClCompile>
    <ClCompile Include="11_rawstring.cpp">
      <Filter>소스 파일</Filter>
    </ClCompile>
    <ClCompile Include="12_delete_function.cpp">
      <Filter>소스 파일</Filter>
    </ClCompile>
    <ClCompile Include="12_delete_function2.cpp">
      <Filter>소스 파일</Filter>
    </ClCompile>
    <ClCompile Include="13_default_function.cpp">
      <Filter>소스 파일</Filter>
    </ClCompile>
    <ClCompile Include="14_override.cpp">
      <Filter>소스 파일</Filter>
    </ClCompile>
    <ClCompile Include="15_final.cpp">
      <Filter>소스 파일</Filter>
    </ClCompile>
    <ClCompile Include="16_constexpr1.cpp">
      <Filter>소스 파일</Filter>
    </ClCompile>
    <ClCompile Include="16_constexpr2.cpp">
      <Filter>소스 파일</Filter>
    </ClCompile>
    <ClCompile Include="18_if_init.cpp">
      <Filter>소스 파일</Filter>
    </ClCompile>
    <ClCompile Include="19_structure_binding.cpp">
      <Filter>소스 파일</Filter>
    </ClCompile>
    <ClCompile Include="20_타입추론1.cpp">
      <Filter>소스 파일</Filter>
    </ClCompile>
    <ClCompile Include="20_타입추론2.cpp">
      <Filter>소스 파일</Filter>
    </ClCompile>
    <ClCompile Include="20_타입추론3.cpp">
      <Filter>소스 파일</Filter>
    </ClCompile>
    <ClCompile Include="20_타입추론4.cpp">
      <Filter>소스 파일</Filter>
    </ClCompile>
    <ClCompile Include="20_타입추론5.cpp">
      <Filter>소스 파일</Filter>
    </ClCompile>
    <ClCompile Include="20_타입추론6.cpp">
      <Filter>소스 파일</Filter>
    </ClCompile>
    <ClCompile Include="20_타입추론7.cpp">
      <Filter>소스 파일</Filter>
    </ClCompile>
    <ClCompile Include="20_타입추론8.cpp">
      <Filter>소스 파일</Filter>
    </ClCompile>
    <ClCompile Include="2_using2.cpp">
      <Filter>소스 파일</Filter>
    </ClCompile>
    <ClCompile Include="17_static_if2.cpp">
      <Filter>소스 파일</Filter>
    </ClCompile>
    <ClCompile Include="17_static_if1.cpp">
      <Filter>소스 파일</Filter>
    </ClCompile>
  </ItemGroup>
  <ItemGroup>
    <ClInclude Include="cppmaster.h">
      <Filter>헤더 파일</Filter>
    </ClInclude>
  </ItemGroup>
</Project>